// !$*UTF8*$!
{
	archiveVersion = 1;
	classes = {
	};
	objectVersion = 50;
	objects = {

/* Begin PBXBuildFile section */
		8393840523C8D78900B2615B /* AppDelegate.swift in Sources */ = {isa = PBXBuildFile; fileRef = 8393840423C8D78900B2615B /* AppDelegate.swift */; };
		8393840723C8D78A00B2615B /* SceneDelegate.swift in Sources */ = {isa = PBXBuildFile; fileRef = 8393840623C8D78A00B2615B /* SceneDelegate.swift */; };
		8393840923C8D78A00B2615B /* ViewController.swift in Sources */ = {isa = PBXBuildFile; fileRef = 8393840823C8D78A00B2615B /* ViewController.swift */; };
		8393840C23C8D78A00B2615B /* Main.storyboard in Resources */ = {isa = PBXBuildFile; fileRef = 8393840A23C8D78A00B2615B /* Main.storyboard */; };
		8393840E23C8D78B00B2615B /* Assets.xcassets in Resources */ = {isa = PBXBuildFile; fileRef = 8393840D23C8D78B00B2615B /* Assets.xcassets */; };
		8393841123C8D78B00B2615B /* LaunchScreen.storyboard in Resources */ = {isa = PBXBuildFile; fileRef = 8393840F23C8D78B00B2615B /* LaunchScreen.storyboard */; };
/* End PBXBuildFile section */

/* Begin PBXFileReference section */
		8393840123C8D78900B2615B /* ExchangesRates.app */ = {isa = PBXFileReference; explicitFileType = wrapper.application; includeInIndex = 0; path = ExchangesRates.app; sourceTree = BUILT_PRODUCTS_DIR; };
		8393840423C8D78900B2615B /* AppDelegate.swift */ = {isa = PBXFileReference; lastKnownFileType = sourcecode.swift; path = AppDelegate.swift; sourceTree = "<group>"; };
		8393840623C8D78A00B2615B /* SceneDelegate.swift */ = {isa = PBXFileReference; lastKnownFileType = sourcecode.swift; path = SceneDelegate.swift; sourceTree = "<group>"; };
		8393840823C8D78A00B2615B /* ViewController.swift */ = {isa = PBXFileReference; lastKnownFileType = sourcecode.swift; path = ViewController.swift; sourceTree = "<group>"; };
		8393840B23C8D78A00B2615B /* Base */ = {isa = PBXFileReference; lastKnownFileType = file.storyboard; name = Base; path = Base.lproj/Main.storyboard; sourceTree = "<group>"; };
		8393840D23C8D78B00B2615B /* Assets.xcassets */ = {isa = PBXFileReference; lastKnownFileType = folder.assetcatalog; path = Assets.xcassets; sourceTree = "<group>"; };
		8393841023C8D78B00B2615B /* Base */ = {isa = PBXFileReference; lastKnownFileType = file.storyboard; name = Base; path = Base.lproj/LaunchScreen.storyboard; sourceTree = "<group>"; };
		8393841223C8D78B00B2615B /* Info.plist */ = {isa = PBXFileReference; lastKnownFileType = text.plist.xml; path = Info.plist; sourceTree = "<group>"; };
/* End PBXFileReference section */

/* Begin PBXFrameworksBuildPhase section */
		839383FE23C8D78900B2615B /* Frameworks */ = {
			isa = PBXFrameworksBuildPhase;
			buildActionMask = 2147483647;
			files = (
			);
			runOnlyForDeploymentPostprocessing = 0;
		};
/* End PBXFrameworksBuildPhase section */

/* Begin PBXGroup section */
		839383F823C8D78900B2615B = {
			isa = PBXGroup;
			children = (
				8393840323C8D78900B2615B /* ExchangesRates */,
				8393840223C8D78900B2615B /* Products */,
			);
			sourceTree = "<group>";
		};
		8393840223C8D78900B2615B /* Products */ = {
			isa = PBXGroup;
			children = (
				8393840123C8D78900B2615B /* ExchangesRates.app */,
			);
			name = Products;
			sourceTree = "<group>";
		};
		8393840323C8D78900B2615B /* ExchangesRates */ = {
			isa = PBXGroup;
			children = (
				8393840423C8D78900B2615B /* AppDelegate.swift */,
				8393840623C8D78A00B2615B /* SceneDelegate.swift */,
				8393840823C8D78A00B2615B /* ViewController.swift */,
				8393840A23C8D78A00B2615B /* Main.storyboard */,
				8393840D23C8D78B00B2615B /* Assets.xcassets */,
				8393840F23C8D78B00B2615B /* LaunchScreen.storyboard */,
				8393841223C8D78B00B2615B /* Info.plist */,
			);
			path = ExchangesRates;
			sourceTree = "<group>";
		};
/* End PBXGroup section */

/* Begin PBXNativeTarget section */
		8393840023C8D78900B2615B /* ExchangesRates */ = {
			isa = PBXNativeTarget;
			buildConfigurationList = 8393841523C8D78B00B2615B /* Build configuration list for PBXNativeTarget "ExchangesRates" */;
			buildPhases = (
				839383FD23C8D78900B2615B /* Sources */,
				839383FE23C8D78900B2615B /* Frameworks */,
				839383FF23C8D78900B2615B /* Resources */,
			);
			buildRules = (
			);
			dependencies = (
			);
			name = ExchangesRates;
			productName = ExchangesRates;
			productReference = 8393840123C8D78900B2615B /* ExchangesRates.app */;
			productType = "com.apple.product-type.application";
		};
/* End PBXNativeTarget section */

/* Begin PBXProject section */
		839383F923C8D78900B2615B /* Project object */ = {
			isa = PBXProject;
			attributes = {
				LastSwiftUpdateCheck = 1120;
				LastUpgradeCheck = 1120;
				ORGANIZATIONNAME = "Martin Nasierowski";
				TargetAttributes = {
					8393840023C8D78900B2615B = {
						CreatedOnToolsVersion = 11.2;
					};
				};
			};
			buildConfigurationList = 839383FC23C8D78900B2615B /* Build configuration list for PBXProject "ExchangesRates" */;
			compatibilityVersion = "Xcode 9.3";
			developmentRegion = en;
			hasScannedForEncodings = 0;
			knownRegions = (
				en,
				Base,
			);
			mainGroup = 839383F823C8D78900B2615B;
			productRefGroup = 8393840223C8D78900B2615B /* Products */;
			projectDirPath = "";
			projectRoot = "";
			targets = (
				8393840023C8D78900B2615B /* ExchangesRates */,
			);
		};
/* End PBXProject section */

/* Begin PBXResourcesBuildPhase section */
		839383FF23C8D78900B2615B /* Resources */ = {
			isa = PBXResourcesBuildPhase;
			buildActionMask = 2147483647;
			files = (
				8393841123C8D78B00B2615B /* LaunchScreen.storyboard in Resources */,
				8393840E23C8D78B00B2615B /* Assets.xcassets in Resources */,
				8393840C23C8D78A00B2615B /* Main.storyboard in Resources */,
			);
			runOnlyForDeploymentPostprocessing = 0;
		};
/* End PBXResourcesBuildPhase section */

/* Begin PBXSourcesBuildPhase section */
		839383FD23C8D78900B2615B /* Sources */ = {
			isa = PBXSourcesBuildPhase;
			buildActionMask = 2147483647;
			files = (
				8393840923C8D78A00B2615B /* ViewController.swift in Sources */,
				8393840523C8D78900B2615B /* AppDelegate.swift in Sources */,
				8393840723C8D78A00B2615B /* SceneDelegate.swift in Sources */,
			);
			runOnlyForDeploymentPostprocessing = 0;
		};
/* End PBXSourcesBuildPhase section */

/* Begin PBXVariantGroup section */
		8393840A23C8D78A00B2615B /* Main.storyboard */ = {
			isa = PBXVariantGroup;
			children = (
				8393840B23C8D78A00B2615B /* Base */,
			);
			name = Main.storyboard;
			sourceTree = "<group>";
		};
		8393840F23C8D78B00B2615B /* LaunchScreen.storyboard */ = {
			isa = PBXVariantGroup;
			children = (
				8393841023C8D78B00B2615B /* Base */,
			);
			name = LaunchScreen.storyboard;
			sourceTree = "<group>";
		};
/* End PBXVariantGroup section */

/* Begin XCBuildConfiguration section */
		8393841323C8D78B00B2615B /* Debug */ = {
			isa = XCBuildConfiguration;
			buildSettings = {
				ALWAYS_SEARCH_USER_PATHS = NO;
				CLANG_ANALYZER_NONNULL = YES;
				CLANG_ANALYZER_NUMBER_OBJECT_CONVERSION = YES_AGGRESSIVE;
				CLANG_CXX_LANGUAGE_STANDARD = "gnu++14";
				CLANG_CXX_LIBRARY = "libc++";
				CLANG_ENABLE_MODULES = YES;
				CLANG_ENABLE_OBJC_ARC = YES;
				CLANG_ENABLE_OBJC_WEAK = YES;
				CLANG_WARN_BLOCK_CAPTURE_AUTORELEASING = YES;
				CLANG_WARN_BOOL_CONVERSION = YES;
				CLANG_WARN_COMMA = YES;
				CLANG_WARN_CONSTANT_CONVERSION = YES;
				CLANG_WARN_DEPRECATED_OBJC_IMPLEMENTATIONS = YES;
				CLANG_WARN_DIRECT_OBJC_ISA_USAGE = YES_ERROR;
				CLANG_WARN_DOCUMENTATION_COMMENTS = YES;
				CLANG_WARN_EMPTY_BODY = YES;
				CLANG_WARN_ENUM_CONVERSION = YES;
				CLANG_WARN_INFINITE_RECURSION = YES;
				CLANG_WARN_INT_CONVERSION = YES;
				CLANG_WARN_NON_LITERAL_NULL_CONVERSION = YES;
				CLANG_WARN_OBJC_IMPLICIT_RETAIN_SELF = YES;
				CLANG_WARN_OBJC_LITERAL_CONVERSION = YES;
				CLANG_WARN_OBJC_ROOT_CLASS = YES_ERROR;
				CLANG_WARN_RANGE_LOOP_ANALYSIS = YES;
				CLANG_WARN_STRICT_PROTOTYPES = YES;
				CLANG_WARN_SUSPICIOUS_MOVE = YES;
				CLANG_WARN_UNGUARDED_AVAILABILITY = YES_AGGRESSIVE;
				CLANG_WARN_UNREACHABLE_CODE = YES;
				CLANG_WARN__DUPLICATE_METHOD_MATCH = YES;
				COPY_PHASE_STRIP = NO;
				DEBUG_INFORMATION_FORMAT = dwarf;
				ENABLE_STRICT_OBJC_MSGSEND = YES;
				ENABLE_TESTABILITY = YES;
				GCC_C_LANGUAGE_STANDARD = gnu11;
				GCC_DYNAMIC_NO_PIC = NO;
				GCC_NO_COMMON_BLOCKS = YES;
				GCC_OPTIMIZATION_LEVEL = 0;
				GCC_PREPROCESSOR_DEFINITIONS = (
					"DEBUG=1",
					"$(inherited)",
				);
				GCC_WARN_64_TO_32_BIT_CONVERSION = YES;
				GCC_WARN_ABOUT_RETURN_TYPE = YES_ERROR;
				GCC_WARN_UNDECLARED_SELECTOR = YES;
				GCC_WARN_UNINITIALIZED_AUTOS = YES_AGGRESSIVE;
				GCC_WARN_UNUSED_FUNCTION = YES;
				GCC_WARN_UNUSED_VARIABLE = YES;
				IPHONEOS_DEPLOYMENT_TARGET = 13.2;
				MTL_ENABLE_DEBUG_INFO = INCLUDE_SOURCE;
				MTL_FAST_MATH = YES;
				ONLY_ACTIVE_ARCH = YES;
				SDKROOT = iphoneos;
				SWIFT_ACTIVE_COMPILATION_CONDITIONS = DEBUG;
				SWIFT_OPTIMIZATION_LEVEL = "-Onone";
			};
			name = Debug;
		};
		8393841423C8D78B00B2615B /* Release */ = {
			isa = XCBuildConfiguration;
			buildSettings = {
				ALWAYS_SEARCH_USER_PATHS = NO;
				CLANG_ANALYZER_NONNULL = YES;
				CLANG_ANALYZER_NUMBER_OBJECT_CONVERSION = YES_AGGRESSIVE;
				CLANG_CXX_LANGUAGE_STANDARD = "gnu++14";
				CLANG_CXX_LIBRARY = "libc++";
				CLANG_ENABLE_MODULES = YES;
				CLANG_ENABLE_OBJC_ARC = YES;
				CLANG_ENABLE_OBJC_WEAK = YES;
				CLANG_WARN_BLOCK_CAPTURE_AUTORELEASING = YES;
				CLANG_WARN_BOOL_CONVERSION = YES;
				CLANG_WARN_COMMA = YES;
				CLANG_WARN_CONSTANT_CONVERSION = YES;
				CLANG_WARN_DEPRECATED_OBJC_IMPLEMENTATIONS = YES;
				CLANG_WARN_DIRECT_OBJC_ISA_USAGE = YES_ERROR;
				CLANG_WARN_DOCUMENTATION_COMMENTS = YES;
				CLANG_WARN_EMPTY_BODY = YES;
				CLANG_WARN_ENUM_CONVERSION = YES;
				CLANG_WARN_INFINITE_RECURSION = YES;
				CLANG_WARN_INT_CONVERSION = YES;
				CLANG_WARN_NON_LITERAL_NULL_CONVERSION = YES;
				CLANG_WARN_OBJC_IMPLICIT_RETAIN_SELF = YES;
				CLANG_WARN_OBJC_LITERAL_CONVERSION = YES;
				CLANG_WARN_OBJC_ROOT_CLASS = YES_ERROR;
				CLANG_WARN_RANGE_LOOP_ANALYSIS = YES;
				CLANG_WARN_STRICT_PROTOTYPES = YES;
				CLANG_WARN_SUSPICIOUS_MOVE = YES;
				CLANG_WARN_UNGUARDED_AVAILABILITY = YES_AGGRESSIVE;
				CLANG_WARN_UNREACHABLE_CODE = YES;
				CLANG_WARN__DUPLICATE_METHOD_MATCH = YES;
				COPY_PHASE_STRIP = NO;
				DEBUG_INFORMATION_FORMAT = "dwarf-with-dsym";
				ENABLE_NS_ASSERTIONS = NO;
				ENABLE_STRICT_OBJC_MSGSEND = YES;
				GCC_C_LANGUAGE_STANDARD = gnu11;
				GCC_NO_COMMON_BLOCKS = YES;
				GCC_WARN_64_TO_32_BIT_CONVERSION = YES;
				GCC_WARN_ABOUT_RETURN_TYPE = YES_ERROR;
				GCC_WARN_UNDECLARED_SELECTOR = YES;
				GCC_WARN_UNINITIALIZED_AUTOS = YES_AGGRESSIVE;
				GCC_WARN_UNUSED_FUNCTION = YES;
				GCC_WARN_UNUSED_VARIABLE = YES;
				IPHONEOS_DEPLOYMENT_TARGET = 13.2;
				MTL_ENABLE_DEBUG_INFO = NO;
				MTL_FAST_MATH = YES;
				SDKROOT = iphoneos;
				SWIFT_COMPILATION_MODE = wholemodule;
				SWIFT_OPTIMIZATION_LEVEL = "-O";
				VALIDATE_PRODUCT = YES;
			};
			name = Release;
		};
		8393841623C8D78B00B2615B /* Debug */ = {
			isa = XCBuildConfiguration;
			buildSettings = {
				ASSETCATALOG_COMPILER_APPICON_NAME = AppIcon;
				CODE_SIGN_STYLE = Automatic;
				DEVELOPMENT_TEAM = K4UL6WL48A;
				INFOPLIST_FILE = ExchangesRates/Info.plist;
				LD_RUNPATH_SEARCH_PATHS = (
					"$(inherited)",
					"@executable_path/Frameworks",
				);
				PRODUCT_BUNDLE_IDENTIFIER = pl.imarin.ExchangesRates;
				PRODUCT_NAME = "$(TARGET_NAME)";
				SWIFT_VERSION = 5.0;
				TARGETED_DEVICE_FAMILY = "1,2";
			};
			name = Debug;
		};
		8393841723C8D78B00B2615B /* Release */ = {
			isa = XCBuildConfiguration;
			buildSettings = {
				ASSETCATALOG_COMPILER_APPICON_NAME = AppIcon;
				CODE_SIGN_STYLE = Automatic;
				DEVELOPMENT_TEAM = K4UL6WL48A;
				INFOPLIST_FILE = ExchangesRates/Info.plist;
				LD_RUNPATH_SEARCH_PATHS = (
					"$(inherited)",
					"@executable_path/Frameworks",
				);
				PRODUCT_BUNDLE_IDENTIFIER = pl.imarin.ExchangesRates;
				PRODUCT_NAME = "$(TARGET_NAME)";
				SWIFT_VERSION = 5.0;
				TARGETED_DEVICE_FAMILY = "1,2";
			};
			name = Release;
		};
/* End XCBuildConfiguration section */

/* Begin XCConfigurationList section */
		839383FC23C8D78900B2615B /* Build configuration list for PBXProject "ExchangesRates" */ = {
			isa = XCConfigurationList;
			buildConfigurations = (
				8393841323C8D78B00B2615B /* Debug */,
				8393841423C8D78B00B2615B /* Release */,
			);
			defaultConfigurationIsVisible = 0;
			defaultConfigurationName = Release;
		};
		8393841523C8D78B00B2615B /* Build configuration list for PBXNativeTarget "ExchangesRates" */ = {
			isa = XCConfigurationList;
			buildConfigurations = (
				8393841623C8D78B00B2615B /* Debug */,
				8393841723C8D78B00B2615B /* Release */,
			);
			defaultConfigurationIsVisible = 0;
			defaultConfigurationName = Release;
		};
/* End XCConfigurationList section */
	};
	rootObject = 839383F923C8D78900B2615B /* Project object */;
}
