// !$*UTF8*$!
{
	archiveVersion = 1;
	classes = {
	};
	objectVersion = 51;
	objects = {

/* Begin PBXBuildFile section */
		5EB07377333D38A2F15E88F6 /* Pods_ExchangesRates.framework in Frameworks */ = {isa = PBXBuildFile; fileRef = 7B54C9778717E5FBC8F0C508 /* Pods_ExchangesRates.framework */; };
		8326981C23C9D59D003D3078 /* Rate.swift in Sources */ = {isa = PBXBuildFile; fileRef = 8326981B23C9D59D003D3078 /* Rate.swift */; };
		8326981E23C9DE21003D3078 /* UIView+Extensions.swift in Sources */ = {isa = PBXBuildFile; fileRef = 8326981D23C9DE21003D3078 /* UIView+Extensions.swift */; };
		8326982423CA6B5C003D3078 /* RateCell.swift in Sources */ = {isa = PBXBuildFile; fileRef = 8326982323CA6B5C003D3078 /* RateCell.swift */; };
		837BA9D223CB23DA004B7742 /* UIViewController+Extensions.swift in Sources */ = {isa = PBXBuildFile; fileRef = 837BA9D123CB23DA004B7742 /* UIViewController+Extensions.swift */; };
		8386041E23C9189F0067186E /* RatesService.swift in Sources */ = {isa = PBXBuildFile; fileRef = 8386041D23C9189F0067186E /* RatesService.swift */; };
		8393840523C8D78900B2615B /* AppDelegate.swift in Sources */ = {isa = PBXBuildFile; fileRef = 8393840423C8D78900B2615B /* AppDelegate.swift */; };
		8393840723C8D78A00B2615B /* SceneDelegate.swift in Sources */ = {isa = PBXBuildFile; fileRef = 8393840623C8D78A00B2615B /* SceneDelegate.swift */; };
		8393840923C8D78A00B2615B /* DashboardController.swift in Sources */ = {isa = PBXBuildFile; fileRef = 8393840823C8D78A00B2615B /* DashboardController.swift */; };
		8393840E23C8D78B00B2615B /* Assets.xcassets in Resources */ = {isa = PBXBuildFile; fileRef = 8393840D23C8D78B00B2615B /* Assets.xcassets */; };
		83AEA05323CB38B400670E6C /* DateFormatter+Extensions.swift in Sources */ = {isa = PBXBuildFile; fileRef = 83AEA05223CB38B400670E6C /* DateFormatter+Extensions.swift */; };
		83AEA05523CB519500670E6C /* RateController.swift in Sources */ = {isa = PBXBuildFile; fileRef = 83AEA05423CB519500670E6C /* RateController.swift */; };
		83AEA05723CB7A2600670E6C /* RateDataService.swift in Sources */ = {isa = PBXBuildFile; fileRef = 83AEA05623CB7A2600670E6C /* RateDataService.swift */; };
		83AEA05923CBA6EF00670E6C /* RateData.swift in Sources */ = {isa = PBXBuildFile; fileRef = 83AEA05823CBA6EF00670E6C /* RateData.swift */; };
		83AEA05B23CBAB5900670E6C /* RateDataCell.swift in Sources */ = {isa = PBXBuildFile; fileRef = 83AEA05A23CBAB5900670E6C /* RateDataCell.swift */; };
/* End PBXBuildFile section */

/* Begin PBXFileReference section */
		596BDDA2D8C04F382D8B5E69 /* Pods-ExchangesRates.debug.xcconfig */ = {isa = PBXFileReference; includeInIndex = 1; lastKnownFileType = text.xcconfig; name = "Pods-ExchangesRates.debug.xcconfig"; path = "Target Support Files/Pods-ExchangesRates/Pods-ExchangesRates.debug.xcconfig"; sourceTree = "<group>"; };
		7B54C9778717E5FBC8F0C508 /* Pods_ExchangesRates.framework */ = {isa = PBXFileReference; explicitFileType = wrapper.framework; includeInIndex = 0; path = Pods_ExchangesRates.framework; sourceTree = BUILT_PRODUCTS_DIR; };
		8326981B23C9D59D003D3078 /* Rate.swift */ = {isa = PBXFileReference; lastKnownFileType = sourcecode.swift; path = Rate.swift; sourceTree = "<group>"; };
		8326981D23C9DE21003D3078 /* UIView+Extensions.swift */ = {isa = PBXFileReference; lastKnownFileType = sourcecode.swift; path = "UIView+Extensions.swift"; sourceTree = "<group>"; };
		8326982323CA6B5C003D3078 /* RateCell.swift */ = {isa = PBXFileReference; lastKnownFileType = sourcecode.swift; path = RateCell.swift; sourceTree = "<group>"; };
		837BA9D123CB23DA004B7742 /* UIViewController+Extensions.swift */ = {isa = PBXFileReference; lastKnownFileType = sourcecode.swift; path = "UIViewController+Extensions.swift"; sourceTree = "<group>"; };
		8386041D23C9189F0067186E /* RatesService.swift */ = {isa = PBXFileReference; lastKnownFileType = sourcecode.swift; path = RatesService.swift; sourceTree = "<group>"; };
		8393840123C8D78900B2615B /* ExchangesRates.app */ = {isa = PBXFileReference; explicitFileType = wrapper.application; includeInIndex = 0; path = ExchangesRates.app; sourceTree = BUILT_PRODUCTS_DIR; };
		8393840423C8D78900B2615B /* AppDelegate.swift */ = {isa = PBXFileReference; lastKnownFileType = sourcecode.swift; path = AppDelegate.swift; sourceTree = "<group>"; };
		8393840623C8D78A00B2615B /* SceneDelegate.swift */ = {isa = PBXFileReference; lastKnownFileType = sourcecode.swift; path = SceneDelegate.swift; sourceTree = "<group>"; };
		8393840823C8D78A00B2615B /* DashboardController.swift */ = {isa = PBXFileReference; lastKnownFileType = sourcecode.swift; path = DashboardController.swift; sourceTree = "<group>"; };
		8393840D23C8D78B00B2615B /* Assets.xcassets */ = {isa = PBXFileReference; lastKnownFileType = folder.assetcatalog; path = Assets.xcassets; sourceTree = "<group>"; };
		8393841223C8D78B00B2615B /* Info.plist */ = {isa = PBXFileReference; lastKnownFileType = text.plist.xml; path = Info.plist; sourceTree = "<group>"; };
		83AEA05223CB38B400670E6C /* DateFormatter+Extensions.swift */ = {isa = PBXFileReference; lastKnownFileType = sourcecode.swift; path = "DateFormatter+Extensions.swift"; sourceTree = "<group>"; };
		83AEA05423CB519500670E6C /* RateController.swift */ = {isa = PBXFileReference; lastKnownFileType = sourcecode.swift; path = RateController.swift; sourceTree = "<group>"; };
		83AEA05623CB7A2600670E6C /* RateDataService.swift */ = {isa = PBXFileReference; lastKnownFileType = sourcecode.swift; path = RateDataService.swift; sourceTree = "<group>"; };
		83AEA05823CBA6EF00670E6C /* RateData.swift */ = {isa = PBXFileReference; lastKnownFileType = sourcecode.swift; path = RateData.swift; sourceTree = "<group>"; };
		83AEA05A23CBAB5900670E6C /* RateDataCell.swift */ = {isa = PBXFileReference; lastKnownFileType = sourcecode.swift; path = RateDataCell.swift; sourceTree = "<group>"; };
		A0EF4318D6B85FB6529C3A40 /* Pods-ExchangesRates.release.xcconfig */ = {isa = PBXFileReference; includeInIndex = 1; lastKnownFileType = text.xcconfig; name = "Pods-ExchangesRates.release.xcconfig"; path = "Target Support Files/Pods-ExchangesRates/Pods-ExchangesRates.release.xcconfig"; sourceTree = "<group>"; };
/* End PBXFileReference section */

/* Begin PBXFrameworksBuildPhase section */
		839383FE23C8D78900B2615B /* Frameworks */ = {
			isa = PBXFrameworksBuildPhase;
			buildActionMask = 2147483647;
			files = (
				5EB07377333D38A2F15E88F6 /* Pods_ExchangesRates.framework in Frameworks */,
			);
			runOnlyForDeploymentPostprocessing = 0;
		};
/* End PBXFrameworksBuildPhase section */

/* Begin PBXGroup section */
		13218DD741DF799AA21D4FDE /* Frameworks */ = {
			isa = PBXGroup;
			children = (
				7B54C9778717E5FBC8F0C508 /* Pods_ExchangesRates.framework */,
			);
			name = Frameworks;
			sourceTree = "<group>";
		};
		838603FB23C8DA190067186E /* Extensions */ = {
			isa = PBXGroup;
			children = (
				8326981D23C9DE21003D3078 /* UIView+Extensions.swift */,
				837BA9D123CB23DA004B7742 /* UIViewController+Extensions.swift */,
				83AEA05223CB38B400670E6C /* DateFormatter+Extensions.swift */,
			);
			path = Extensions;
			sourceTree = "<group>";
		};
		839383F823C8D78900B2615B = {
			isa = PBXGroup;
			children = (
				8393840323C8D78900B2615B /* ExchangesRates */,
				8393840223C8D78900B2615B /* Products */,
				E5A9A66CEACE069E39321277 /* Pods */,
				13218DD741DF799AA21D4FDE /* Frameworks */,
			);
			sourceTree = "<group>";
		};
		8393840223C8D78900B2615B /* Products */ = {
			isa = PBXGroup;
			children = (
				8393840123C8D78900B2615B /* ExchangesRates.app */,
			);
			name = Products;
			sourceTree = "<group>";
		};
		8393840323C8D78900B2615B /* ExchangesRates */ = {
			isa = PBXGroup;
			children = (
				8393841823C8D7AE00B2615B /* Application */,
				8393841923C8D7BA00B2615B /* Dashboard */,
				8393841E23C8D85000B2615B /* Shared */,
			);
			path = ExchangesRates;
			sourceTree = "<group>";
		};
		8393841823C8D7AE00B2615B /* Application */ = {
			isa = PBXGroup;
			children = (
				8393840423C8D78900B2615B /* AppDelegate.swift */,
				8393840623C8D78A00B2615B /* SceneDelegate.swift */,
				8393841223C8D78B00B2615B /* Info.plist */,
			);
			path = Application;
			sourceTree = "<group>";
		};
		8393841923C8D7BA00B2615B /* Dashboard */ = {
			isa = PBXGroup;
			children = (
				8393841B23C8D80A00B2615B /* Models */,
				8393841D23C8D83700B2615B /* Views */,
				8393841C23C8D82400B2615B /* Controllers */,
				8393841A23C8D7FC00B2615B /* Services */,
			);
			path = Dashboard;
			sourceTree = "<group>";
		};
		8393841A23C8D7FC00B2615B /* Services */ = {
			isa = PBXGroup;
			children = (
				8386041D23C9189F0067186E /* RatesService.swift */,
				83AEA05623CB7A2600670E6C /* RateDataService.swift */,
			);
			path = Services;
			sourceTree = "<group>";
		};
		8393841B23C8D80A00B2615B /* Models */ = {
			isa = PBXGroup;
			children = (
				8326981B23C9D59D003D3078 /* Rate.swift */,
				83AEA05823CBA6EF00670E6C /* RateData.swift */,
			);
			path = Models;
			sourceTree = "<group>";
		};
		8393841C23C8D82400B2615B /* Controllers */ = {
			isa = PBXGroup;
			children = (
				8393840823C8D78A00B2615B /* DashboardController.swift */,
				83AEA05423CB519500670E6C /* RateController.swift */,
			);
			path = Controllers;
			sourceTree = "<group>";
		};
		8393841D23C8D83700B2615B /* Views */ = {
			isa = PBXGroup;
			children = (
				8326982323CA6B5C003D3078 /* RateCell.swift */,
				83AEA05A23CBAB5900670E6C /* RateDataCell.swift */,
			);
			path = Views;
			sourceTree = "<group>";
		};
		8393841E23C8D85000B2615B /* Shared */ = {
			isa = PBXGroup;
			children = (
				838603FB23C8DA190067186E /* Extensions */,
				8393841F23C8D85900B2615B /* Assets */,
			);
			path = Shared;
			sourceTree = "<group>";
		};
		8393841F23C8D85900B2615B /* Assets */ = {
			isa = PBXGroup;
			children = (
				8393840D23C8D78B00B2615B /* Assets.xcassets */,
			);
			path = Assets;
			sourceTree = "<group>";
		};
		E5A9A66CEACE069E39321277 /* Pods */ = {
			isa = PBXGroup;
			children = (
				596BDDA2D8C04F382D8B5E69 /* Pods-ExchangesRates.debug.xcconfig */,
				A0EF4318D6B85FB6529C3A40 /* Pods-ExchangesRates.release.xcconfig */,
			);
			path = Pods;
			sourceTree = "<group>";
		};
/* End PBXGroup section */

/* Begin PBXNativeTarget section */
		8393840023C8D78900B2615B /* ExchangesRates */ = {
			isa = PBXNativeTarget;
			buildConfigurationList = 8393841523C8D78B00B2615B /* Build configuration list for PBXNativeTarget "ExchangesRates" */;
			buildPhases = (
				F1543140487B9E3915D9A99D /* [CP] Check Pods Manifest.lock */,
				839383FD23C8D78900B2615B /* Sources */,
				839383FE23C8D78900B2615B /* Frameworks */,
				839383FF23C8D78900B2615B /* Resources */,
				63155B8AB2879FC756738642 /* [CP] Embed Pods Frameworks */,
			);
			buildRules = (
			);
			dependencies = (
			);
			name = ExchangesRates;
			productName = ExchangesRates;
			productReference = 8393840123C8D78900B2615B /* ExchangesRates.app */;
			productType = "com.apple.product-type.application";
		};
/* End PBXNativeTarget section */

/* Begin PBXProject section */
		839383F923C8D78900B2615B /* Project object */ = {
			isa = PBXProject;
			attributes = {
				LastSwiftUpdateCheck = 1120;
				LastUpgradeCheck = 1120;
				ORGANIZATIONNAME = "Martin Nasierowski";
				TargetAttributes = {
					8393840023C8D78900B2615B = {
						CreatedOnToolsVersion = 11.2;
					};
				};
			};
			buildConfigurationList = 839383FC23C8D78900B2615B /* Build configuration list for PBXProject "ExchangesRates" */;
			compatibilityVersion = "Xcode 9.3";
			developmentRegion = en;
			hasScannedForEncodings = 0;
			knownRegions = (
				en,
				Base,
			);
			mainGroup = 839383F823C8D78900B2615B;
			productRefGroup = 8393840223C8D78900B2615B /* Products */;
			projectDirPath = "";
			projectRoot = "";
			targets = (
				8393840023C8D78900B2615B /* ExchangesRates */,
			);
		};
/* End PBXProject section */

/* Begin PBXResourcesBuildPhase section */
		839383FF23C8D78900B2615B /* Resources */ = {
			isa = PBXResourcesBuildPhase;
			buildActionMask = 2147483647;
			files = (
				8393840E23C8D78B00B2615B /* Assets.xcassets in Resources */,
			);
			runOnlyForDeploymentPostprocessing = 0;
		};
/* End PBXResourcesBuildPhase section */

/* Begin PBXShellScriptBuildPhase section */
		63155B8AB2879FC756738642 /* [CP] Embed Pods Frameworks */ = {
			isa = PBXShellScriptBuildPhase;
			buildActionMask = 2147483647;
			files = (
			);
			inputFileListPaths = (
				"${PODS_ROOT}/Target Support Files/Pods-ExchangesRates/Pods-ExchangesRates-frameworks-${CONFIGURATION}-input-files.xcfilelist",
			);
			name = "[CP] Embed Pods Frameworks";
			outputFileListPaths = (
				"${PODS_ROOT}/Target Support Files/Pods-ExchangesRates/Pods-ExchangesRates-frameworks-${CONFIGURATION}-output-files.xcfilelist",
			);
			runOnlyForDeploymentPostprocessing = 0;
			shellPath = /bin/sh;
			shellScript = "\"${PODS_ROOT}/Target Support Files/Pods-ExchangesRates/Pods-ExchangesRates-frameworks.sh\"\n";
			showEnvVarsInLog = 0;
		};
		F1543140487B9E3915D9A99D /* [CP] Check Pods Manifest.lock */ = {
			isa = PBXShellScriptBuildPhase;
			buildActionMask = 2147483647;
			files = (
			);
			inputFileListPaths = (
			);
			inputPaths = (
				"${PODS_PODFILE_DIR_PATH}/Podfile.lock",
				"${PODS_ROOT}/Manifest.lock",
			);
			name = "[CP] Check Pods Manifest.lock";
			outputFileListPaths = (
			);
			outputPaths = (
				"$(DERIVED_FILE_DIR)/Pods-ExchangesRates-checkManifestLockResult.txt",
			);
			runOnlyForDeploymentPostprocessing = 0;
			shellPath = /bin/sh;
			shellScript = "diff \"${PODS_PODFILE_DIR_PATH}/Podfile.lock\" \"${PODS_ROOT}/Manifest.lock\" > /dev/null\nif [ $? != 0 ] ; then\n    # print error to STDERR\n    echo \"error: The sandbox is not in sync with the Podfile.lock. Run 'pod install' or update your CocoaPods installation.\" >&2\n    exit 1\nfi\n# This output is used by Xcode 'outputs' to avoid re-running this script phase.\necho \"SUCCESS\" > \"${SCRIPT_OUTPUT_FILE_0}\"\n";
			showEnvVarsInLog = 0;
		};
/* End PBXShellScriptBuildPhase section */

/* Begin PBXSourcesBuildPhase section */
		839383FD23C8D78900B2615B /* Sources */ = {
			isa = PBXSourcesBuildPhase;
			buildActionMask = 2147483647;
			files = (
				83AEA05723CB7A2600670E6C /* RateDataService.swift in Sources */,
				8393840923C8D78A00B2615B /* DashboardController.swift in Sources */,
				83AEA05523CB519500670E6C /* RateController.swift in Sources */,
				8386041E23C9189F0067186E /* RatesService.swift in Sources */,
				8393840523C8D78900B2615B /* AppDelegate.swift in Sources */,
				83AEA05B23CBAB5900670E6C /* RateDataCell.swift in Sources */,
				8326981C23C9D59D003D3078 /* Rate.swift in Sources */,
				837BA9D223CB23DA004B7742 /* UIViewController+Extensions.swift in Sources */,
				83AEA05923CBA6EF00670E6C /* RateData.swift in Sources */,
				8326982423CA6B5C003D3078 /* RateCell.swift in Sources */,
				8326981E23C9DE21003D3078 /* UIView+Extensions.swift in Sources */,
				8393840723C8D78A00B2615B /* SceneDelegate.swift in Sources */,
				83AEA05323CB38B400670E6C /* DateFormatter+Extensions.swift in Sources */,
			);
			runOnlyForDeploymentPostprocessing = 0;
		};
/* End PBXSourcesBuildPhase section */

/* Begin XCBuildConfiguration section */
		8393841323C8D78B00B2615B /* Debug */ = {
			isa = XCBuildConfiguration;
			buildSettings = {
				ALWAYS_SEARCH_USER_PATHS = NO;
				CLANG_ANALYZER_NONNULL = YES;
				CLANG_ANALYZER_NUMBER_OBJECT_CONVERSION = YES_AGGRESSIVE;
				CLANG_CXX_LANGUAGE_STANDARD = "gnu++14";
				CLANG_CXX_LIBRARY = "libc++";
				CLANG_ENABLE_MODULES = YES;
				CLANG_ENABLE_OBJC_ARC = YES;
				CLANG_ENABLE_OBJC_WEAK = YES;
				CLANG_WARN_BLOCK_CAPTURE_AUTORELEASING = YES;
				CLANG_WARN_BOOL_CONVERSION = YES;
				CLANG_WARN_COMMA = YES;
				CLANG_WARN_CONSTANT_CONVERSION = YES;
				CLANG_WARN_DEPRECATED_OBJC_IMPLEMENTATIONS = YES;
				CLANG_WARN_DIRECT_OBJC_ISA_USAGE = YES_ERROR;
				CLANG_WARN_DOCUMENTATION_COMMENTS = YES;
				CLANG_WARN_EMPTY_BODY = YES;
				CLANG_WARN_ENUM_CONVERSION = YES;
				CLANG_WARN_INFINITE_RECURSION = YES;
				CLANG_WARN_INT_CONVERSION = YES;
				CLANG_WARN_NON_LITERAL_NULL_CONVERSION = YES;
				CLANG_WARN_OBJC_IMPLICIT_RETAIN_SELF = YES;
				CLANG_WARN_OBJC_LITERAL_CONVERSION = YES;
				CLANG_WARN_OBJC_ROOT_CLASS = YES_ERROR;
				CLANG_WARN_RANGE_LOOP_ANALYSIS = YES;
				CLANG_WARN_STRICT_PROTOTYPES = YES;
				CLANG_WARN_SUSPICIOUS_MOVE = YES;
				CLANG_WARN_UNGUARDED_AVAILABILITY = YES_AGGRESSIVE;
				CLANG_WARN_UNREACHABLE_CODE = YES;
				CLANG_WARN__DUPLICATE_METHOD_MATCH = YES;
				COPY_PHASE_STRIP = NO;
				DEBUG_INFORMATION_FORMAT = dwarf;
				ENABLE_STRICT_OBJC_MSGSEND = YES;
				ENABLE_TESTABILITY = YES;
				GCC_C_LANGUAGE_STANDARD = gnu11;
				GCC_DYNAMIC_NO_PIC = NO;
				GCC_NO_COMMON_BLOCKS = YES;
				GCC_OPTIMIZATION_LEVEL = 0;
				GCC_PREPROCESSOR_DEFINITIONS = (
					"DEBUG=1",
					"$(inherited)",
				);
				GCC_WARN_64_TO_32_BIT_CONVERSION = YES;
				GCC_WARN_ABOUT_RETURN_TYPE = YES_ERROR;
				GCC_WARN_UNDECLARED_SELECTOR = YES;
				GCC_WARN_UNINITIALIZED_AUTOS = YES_AGGRESSIVE;
				GCC_WARN_UNUSED_FUNCTION = YES;
				GCC_WARN_UNUSED_VARIABLE = YES;
				IPHONEOS_DEPLOYMENT_TARGET = 13.2;
				MTL_ENABLE_DEBUG_INFO = INCLUDE_SOURCE;
				MTL_FAST_MATH = YES;
				ONLY_ACTIVE_ARCH = YES;
				SDKROOT = iphoneos;
				SWIFT_ACTIVE_COMPILATION_CONDITIONS = DEBUG;
				SWIFT_OPTIMIZATION_LEVEL = "-Onone";
			};
			name = Debug;
		};
		8393841423C8D78B00B2615B /* Release */ = {
			isa = XCBuildConfiguration;
			buildSettings = {
				ALWAYS_SEARCH_USER_PATHS = NO;
				CLANG_ANALYZER_NONNULL = YES;
				CLANG_ANALYZER_NUMBER_OBJECT_CONVERSION = YES_AGGRESSIVE;
				CLANG_CXX_LANGUAGE_STANDARD = "gnu++14";
				CLANG_CXX_LIBRARY = "libc++";
				CLANG_ENABLE_MODULES = YES;
				CLANG_ENABLE_OBJC_ARC = YES;
				CLANG_ENABLE_OBJC_WEAK = YES;
				CLANG_WARN_BLOCK_CAPTURE_AUTORELEASING = YES;
				CLANG_WARN_BOOL_CONVERSION = YES;
				CLANG_WARN_COMMA = YES;
				CLANG_WARN_CONSTANT_CONVERSION = YES;
				CLANG_WARN_DEPRECATED_OBJC_IMPLEMENTATIONS = YES;
				CLANG_WARN_DIRECT_OBJC_ISA_USAGE = YES_ERROR;
				CLANG_WARN_DOCUMENTATION_COMMENTS = YES;
				CLANG_WARN_EMPTY_BODY = YES;
				CLANG_WARN_ENUM_CONVERSION = YES;
				CLANG_WARN_INFINITE_RECURSION = YES;
				CLANG_WARN_INT_CONVERSION = YES;
				CLANG_WARN_NON_LITERAL_NULL_CONVERSION = YES;
				CLANG_WARN_OBJC_IMPLICIT_RETAIN_SELF = YES;
				CLANG_WARN_OBJC_LITERAL_CONVERSION = YES;
				CLANG_WARN_OBJC_ROOT_CLASS = YES_ERROR;
				CLANG_WARN_RANGE_LOOP_ANALYSIS = YES;
				CLANG_WARN_STRICT_PROTOTYPES = YES;
				CLANG_WARN_SUSPICIOUS_MOVE = YES;
				CLANG_WARN_UNGUARDED_AVAILABILITY = YES_AGGRESSIVE;
				CLANG_WARN_UNREACHABLE_CODE = YES;
				CLANG_WARN__DUPLICATE_METHOD_MATCH = YES;
				COPY_PHASE_STRIP = NO;
				DEBUG_INFORMATION_FORMAT = "dwarf-with-dsym";
				ENABLE_NS_ASSERTIONS = NO;
				ENABLE_STRICT_OBJC_MSGSEND = YES;
				GCC_C_LANGUAGE_STANDARD = gnu11;
				GCC_NO_COMMON_BLOCKS = YES;
				GCC_WARN_64_TO_32_BIT_CONVERSION = YES;
				GCC_WARN_ABOUT_RETURN_TYPE = YES_ERROR;
				GCC_WARN_UNDECLARED_SELECTOR = YES;
				GCC_WARN_UNINITIALIZED_AUTOS = YES_AGGRESSIVE;
				GCC_WARN_UNUSED_FUNCTION = YES;
				GCC_WARN_UNUSED_VARIABLE = YES;
				IPHONEOS_DEPLOYMENT_TARGET = 13.2;
				MTL_ENABLE_DEBUG_INFO = NO;
				MTL_FAST_MATH = YES;
				SDKROOT = iphoneos;
				SWIFT_COMPILATION_MODE = wholemodule;
				SWIFT_OPTIMIZATION_LEVEL = "-O";
				VALIDATE_PRODUCT = YES;
			};
			name = Release;
		};
		8393841623C8D78B00B2615B /* Debug */ = {
			isa = XCBuildConfiguration;
			baseConfigurationReference = 596BDDA2D8C04F382D8B5E69 /* Pods-ExchangesRates.debug.xcconfig */;
			buildSettings = {
				ASSETCATALOG_COMPILER_APPICON_NAME = AppIcon;
				CODE_SIGN_STYLE = Automatic;
				DEVELOPMENT_TEAM = K4UL6WL48A;
				INFOPLIST_FILE = "$(SRCROOT)/ExchangesRates/Application/Info.plist";
				IPHONEOS_DEPLOYMENT_TARGET = 13.2;
				LD_RUNPATH_SEARCH_PATHS = (
					"$(inherited)",
					"@executable_path/Frameworks",
				);
				PRODUCT_BUNDLE_IDENTIFIER = pl.imarin.ExchangesRates;
				PRODUCT_NAME = "$(TARGET_NAME)";
				SWIFT_VERSION = 5.0;
				TARGETED_DEVICE_FAMILY = "1,2";
			};
			name = Debug;
		};
		8393841723C8D78B00B2615B /* Release */ = {
			isa = XCBuildConfiguration;
			baseConfigurationReference = A0EF4318D6B85FB6529C3A40 /* Pods-ExchangesRates.release.xcconfig */;
			buildSettings = {
				ASSETCATALOG_COMPILER_APPICON_NAME = AppIcon;
				CODE_SIGN_STYLE = Automatic;
				DEVELOPMENT_TEAM = K4UL6WL48A;
				INFOPLIST_FILE = "$(SRCROOT)/ExchangesRates/Application/Info.plist";
				IPHONEOS_DEPLOYMENT_TARGET = 13.2;
				LD_RUNPATH_SEARCH_PATHS = (
					"$(inherited)",
					"@executable_path/Frameworks",
				);
				PRODUCT_BUNDLE_IDENTIFIER = pl.imarin.ExchangesRates;
				PRODUCT_NAME = "$(TARGET_NAME)";
				SWIFT_VERSION = 5.0;
				TARGETED_DEVICE_FAMILY = "1,2";
			};
			name = Release;
		};
/* End XCBuildConfiguration section */

/* Begin XCConfigurationList section */
		839383FC23C8D78900B2615B /* Build configuration list for PBXProject "ExchangesRates" */ = {
			isa = XCConfigurationList;
			buildConfigurations = (
				8393841323C8D78B00B2615B /* Debug */,
				8393841423C8D78B00B2615B /* Release */,
			);
			defaultConfigurationIsVisible = 0;
			defaultConfigurationName = Release;
		};
		8393841523C8D78B00B2615B /* Build configuration list for PBXNativeTarget "ExchangesRates" */ = {
			isa = XCConfigurationList;
			buildConfigurations = (
				8393841623C8D78B00B2615B /* Debug */,
				8393841723C8D78B00B2615B /* Release */,
			);
			defaultConfigurationIsVisible = 0;
			defaultConfigurationName = Release;
		};
/* End XCConfigurationList section */
	};
	rootObject = 839383F923C8D78900B2615B /* Project object */;
}
